
Microsoft Visual Studio Solution File, Format Version 12.00
# Visual Studio 2013
VisualStudioVersion = 12.0.40629.0
MinimumVisualStudioVersion = 10.0.40219.1
Project("{FAE04EC0-301F-11D3-BF4B-00C04F79EFBC}") = "GPNetworkClient", "Client\GPNetworkClient.csproj", "{6901C251-7FBD-4ED2-B21C-4C51B78FEE0D}"
EndProject
Project("{FAE04EC0-301F-11D3-BF4B-00C04F79EFBC}") = "GPNetworkMessage", "Message\GPNetworkMessage.csproj", "{D49B7AD5-1F27-4808-9D80-E0851C1D7E84}"
EndProject
Project("{FAE04EC0-301F-11D3-BF4B-00C04F79EFBC}") = "GPNetworkServer", "Server\GPNetworkServer.csproj", "{F02A650C-2599-46D2-9373-8D6D792BAA1B}"
EndProject
Global
	GlobalSection(SolutionConfigurationPlatforms) = preSolution
		Debug|Any CPU = Debug|Any CPU
		Release|Any CPU = Release|Any CPU
	EndGlobalSection
	GlobalSection(ProjectConfigurationPlatforms) = postSolution
		{6901C251-7FBD-4ED2-B21C-4C51B78FEE0D}.Debug|Any CPU.ActiveCfg = Debug|Any CPU
		{6901C251-7FBD-4ED2-B21C-4C51B78FEE0D}.Debug|Any CPU.Build.0 = Debug|Any CPU
		{6901C251-7FBD-4ED2-B21C-4C51B78FEE0D}.Release|Any CPU.ActiveCfg = Release|Any CPU
		{6901C251-7FBD-4ED2-B21C-4C51B78FEE0D}.Release|Any CPU.Build.0 = Release|Any CPU
		{D49B7AD5-1F27-4808-9D80-E0851C1D7E84}.Debug|Any CPU.ActiveCfg = Debug|Any CPU
		{D49B7AD5-1F27-4808-9D80-E0851C1D7E84}.Debug|Any CPU.Build.0 = Debug|Any CPU
		{D49B7AD5-1F27-4808-9D80-E0851C1D7E84}.Release|Any CPU.ActiveCfg = Release|Any CPU
		{D49B7AD5-1F27-4808-9D80-E0851C1D7E84}.Release|Any CPU.Build.0 = Release|Any CPU
		{F02A650C-2599-46D2-9373-8D6D792BAA1B}.Debug|Any CPU.ActiveCfg = Debug|Any CPU
		{F02A650C-2599-46D2-9373-8D6D792BAA1B}.Debug|Any CPU.Build.0 = Debug|Any CPU
		{F02A650C-2599-46D2-9373-8D6D792BAA1B}.Release|Any CPU.ActiveCfg = Release|Any CPU
		{F02A650C-2599-46D2-9373-8D6D792BAA1B}.Release|Any CPU.Build.0 = Release|Any CPU
	EndGlobalSection
	GlobalSection(SolutionProperties) = preSolution
		HideSolutionNode = FALSE
	EndGlobalSection
EndGlobal
